
Microsoft Visual Studio Solution File, Format Version 12.00
# Visual Studio 2012
Project("{2150E333-8FDC-42A3-9474-1A3956D46DE8}") = "EF", "EF", "{AE65BCCD-CED0-4E40-A5F4-C276C0E94E52}"
EndProject
Project("{2150E333-8FDC-42A3-9474-1A3956D46DE8}") = "RabbitMQ", "RabbitMQ", "{5D004508-40AF-4363-A37A-74811A9F0ACF}"
EndProject
Project("{FAE04EC0-301F-11D3-BF4B-00C04F79EFBC}") = "RabbitMQ_Productor", "RabbitMQ_Productor\RabbitMQ_Productor.csproj", "{B1A13CF6-AF0E-479E-8299-4CD1B4028674}"
EndProject
Project("{FAE04EC0-301F-11D3-BF4B-00C04F79EFBC}") = "RabbitMQ_Consumer", "RabbitMQ_Consumer\RabbitMQ_Consumer.csproj", "{CFECCED2-FA6A-40AA-BF1F-CAEF9A5D2D13}"
EndProject
Project("{2150E333-8FDC-42A3-9474-1A3956D46DE8}") = ".nuget", ".nuget", "{E5997532-4E36-4F18-8934-E8F969444FC9}"
	ProjectSection(SolutionItems) = preProject
		.nuget\packages.config = .nuget\packages.config
	EndProjectSection
EndProject
Project("{FAE04EC0-301F-11D3-BF4B-00C04F79EFBC}") = "EasyNetQHelper", "EasyNetQHelper\EasyNetQHelper.csproj", "{3FFD99AF-5F27-44B0-82A0-6DCFAC28A3BB}"
EndProject
Project("{2150E333-8FDC-42A3-9474-1A3956D46DE8}") = "WebAPI", "WebAPI", "{899673F7-A73C-4AAD-9FD6-B69271964D09}"
EndProject
Project("{FAE04EC0-301F-11D3-BF4B-00C04F79EFBC}") = "WebAPITest", "WebAPITest\WebAPITest.csproj", "{7028A466-88CF-4E89-9026-DFB735D10663}"
EndProject
Project("{FAE04EC0-301F-11D3-BF4B-00C04F79EFBC}") = "EF_Web_Test", "EF_Web_Test\EF_Web_Test.csproj", "{550CFD4D-2459-4FC5-BCF2-81D2AFA46164}"
EndProject
Project("{2150E333-8FDC-42A3-9474-1A3956D46DE8}") = "WEB", "WEB", "{2163FDCB-4CC1-48F6-BD3D-06B36FB1AE3B}"
EndProject
Project("{FAE04EC0-301F-11D3-BF4B-00C04F79EFBC}") = "MyAdmin", "MyAdmin\MyAdmin.csproj", "{66DC3E8C-FFF0-44CF-8E99-7B0BE6EEF05B}"
EndProject
Project("{FAE04EC0-301F-11D3-BF4B-00C04F79EFBC}") = "MyIdentity", "MyIdentity\MyIdentity.csproj", "{E26CB15A-33AA-4853-B798-6FAB3E1ABB20}"
EndProject
Global
	GlobalSection(SolutionConfigurationPlatforms) = preSolution
		Debug|Any CPU = Debug|Any CPU
		Release|Any CPU = Release|Any CPU
	EndGlobalSection
	GlobalSection(ProjectConfigurationPlatforms) = postSolution
		{B1A13CF6-AF0E-479E-8299-4CD1B4028674}.Debug|Any CPU.ActiveCfg = Debug|Any CPU
		{B1A13CF6-AF0E-479E-8299-4CD1B4028674}.Debug|Any CPU.Build.0 = Debug|Any CPU
		{B1A13CF6-AF0E-479E-8299-4CD1B4028674}.Release|Any CPU.ActiveCfg = Release|Any CPU
		{B1A13CF6-AF0E-479E-8299-4CD1B4028674}.Release|Any CPU.Build.0 = Release|Any CPU
		{CFECCED2-FA6A-40AA-BF1F-CAEF9A5D2D13}.Debug|Any CPU.ActiveCfg = Debug|Any CPU
		{CFECCED2-FA6A-40AA-BF1F-CAEF9A5D2D13}.Debug|Any CPU.Build.0 = Debug|Any CPU
		{CFECCED2-FA6A-40AA-BF1F-CAEF9A5D2D13}.Release|Any CPU.ActiveCfg = Release|Any CPU
		{CFECCED2-FA6A-40AA-BF1F-CAEF9A5D2D13}.Release|Any CPU.Build.0 = Release|Any CPU
		{3FFD99AF-5F27-44B0-82A0-6DCFAC28A3BB}.Debug|Any CPU.ActiveCfg = Debug|Any CPU
		{3FFD99AF-5F27-44B0-82A0-6DCFAC28A3BB}.Debug|Any CPU.Build.0 = Debug|Any CPU
		{3FFD99AF-5F27-44B0-82A0-6DCFAC28A3BB}.Release|Any CPU.ActiveCfg = Release|Any CPU
		{3FFD99AF-5F27-44B0-82A0-6DCFAC28A3BB}.Release|Any CPU.Build.0 = Release|Any CPU
		{7028A466-88CF-4E89-9026-DFB735D10663}.Debug|Any CPU.ActiveCfg = Debug|Any CPU
		{7028A466-88CF-4E89-9026-DFB735D10663}.Debug|Any CPU.Build.0 = Debug|Any CPU
		{7028A466-88CF-4E89-9026-DFB735D10663}.Release|Any CPU.ActiveCfg = Release|Any CPU
		{7028A466-88CF-4E89-9026-DFB735D10663}.Release|Any CPU.Build.0 = Release|Any CPU
		{550CFD4D-2459-4FC5-BCF2-81D2AFA46164}.Debug|Any CPU.ActiveCfg = Debug|Any CPU
		{550CFD4D-2459-4FC5-BCF2-81D2AFA46164}.Debug|Any CPU.Build.0 = Debug|Any CPU
		{550CFD4D-2459-4FC5-BCF2-81D2AFA46164}.Release|Any CPU.ActiveCfg = Release|Any CPU
		{550CFD4D-2459-4FC5-BCF2-81D2AFA46164}.Release|Any CPU.Build.0 = Release|Any CPU
		{66DC3E8C-FFF0-44CF-8E99-7B0BE6EEF05B}.Debug|Any CPU.ActiveCfg = Debug|Any CPU
		{66DC3E8C-FFF0-44CF-8E99-7B0BE6EEF05B}.Debug|Any CPU.Build.0 = Debug|Any CPU
		{66DC3E8C-FFF0-44CF-8E99-7B0BE6EEF05B}.Release|Any CPU.ActiveCfg = Release|Any CPU
		{66DC3E8C-FFF0-44CF-8E99-7B0BE6EEF05B}.Release|Any CPU.Build.0 = Release|Any CPU
		{E26CB15A-33AA-4853-B798-6FAB3E1ABB20}.Debug|Any CPU.ActiveCfg = Debug|Any CPU
		{E26CB15A-33AA-4853-B798-6FAB3E1ABB20}.Debug|Any CPU.Build.0 = Debug|Any CPU
		{E26CB15A-33AA-4853-B798-6FAB3E1ABB20}.Release|Any CPU.ActiveCfg = Release|Any CPU
		{E26CB15A-33AA-4853-B798-6FAB3E1ABB20}.Release|Any CPU.Build.0 = Release|Any CPU
	EndGlobalSection
	GlobalSection(SolutionProperties) = preSolution
		HideSolutionNode = FALSE
	EndGlobalSection
	GlobalSection(NestedProjects) = preSolution
		{550CFD4D-2459-4FC5-BCF2-81D2AFA46164} = {AE65BCCD-CED0-4E40-A5F4-C276C0E94E52}
		{B1A13CF6-AF0E-479E-8299-4CD1B4028674} = {5D004508-40AF-4363-A37A-74811A9F0ACF}
		{CFECCED2-FA6A-40AA-BF1F-CAEF9A5D2D13} = {5D004508-40AF-4363-A37A-74811A9F0ACF}
		{3FFD99AF-5F27-44B0-82A0-6DCFAC28A3BB} = {5D004508-40AF-4363-A37A-74811A9F0ACF}
		{7028A466-88CF-4E89-9026-DFB735D10663} = {899673F7-A73C-4AAD-9FD6-B69271964D09}
		{66DC3E8C-FFF0-44CF-8E99-7B0BE6EEF05B} = {2163FDCB-4CC1-48F6-BD3D-06B36FB1AE3B}
		{E26CB15A-33AA-4853-B798-6FAB3E1ABB20} = {2163FDCB-4CC1-48F6-BD3D-06B36FB1AE3B}
	EndGlobalSection
EndGlobal
